
Microsoft Visual Studio Solution File, Format Version 12.00
# Visual Studio 2013
VisualStudioVersion = 12.0.31101.0
MinimumVisualStudioVersion = 10.0.40219.1
Project("{FAE04EC0-301F-11D3-BF4B-00C04F79EFBC}") = "PartimeSalaryWithTdd.Tests", "PartimeSalaryWithTdd.Tests\PartimeSalaryWithTdd.Tests.csproj", "{D3A6EC7F-5DDF-4587-814B-C17811CDD8B6}"
EndProject
Project("{FAE04EC0-301F-11D3-BF4B-00C04F79EFBC}") = "PartimeSalaryWithTdd", "PartimeSalaryWithTdd\PartimeSalaryWithTdd.csproj", "{7E589490-0354-4E39-B15D-EB2EED26DEE5}"
EndProject
Global
	GlobalSection(SolutionConfigurationPlatforms) = preSolution
		Debug|Any CPU = Debug|Any CPU
		Release|Any CPU = Release|Any CPU
	EndGlobalSection
	GlobalSection(ProjectConfigurationPlatforms) = postSolution
		{D3A6EC7F-5DDF-4587-814B-C17811CDD8B6}.Debug|Any CPU.ActiveCfg = Debug|Any CPU
		{D3A6EC7F-5DDF-4587-814B-C17811CDD8B6}.Debug|Any CPU.Build.0 = Debug|Any CPU
		{D3A6EC7F-5DDF-4587-814B-C17811CDD8B6}.Release|Any CPU.ActiveCfg = Release|Any CPU
		{D3A6EC7F-5DDF-4587-814B-C17811CDD8B6}.Release|Any CPU.Build.0 = Release|Any CPU
		{7E589490-0354-4E39-B15D-EB2EED26DEE5}.Debug|Any CPU.ActiveCfg = Debug|Any CPU
		{7E589490-0354-4E39-B15D-EB2EED26DEE5}.Debug|Any CPU.Build.0 = Debug|Any CPU
		{7E589490-0354-4E39-B15D-EB2EED26DEE5}.Release|Any CPU.ActiveCfg = Release|Any CPU
		{7E589490-0354-4E39-B15D-EB2EED26DEE5}.Release|Any CPU.Build.0 = Release|Any CPU
	EndGlobalSection
	GlobalSection(SolutionProperties) = preSolution
		HideSolutionNode = FALSE
	EndGlobalSection
EndGlobal
